
Microsoft Visual Studio Solution File, Format Version 12.00
# Visual Studio Version 17
VisualStudioVersion = 17.13.35931.197 d17.13
MinimumVisualStudioVersion = 10.0.40219.1
Project("{FAE04EC0-301F-11D3-BF4B-00C04F79EFBC}") = "GameOfPirates", "GameOfPirates\GameOfPirates.csproj", "{CF754A76-4244-4F0F-9B63-EF4FA4F730A8}"
EndProject
Global
	GlobalSection(SolutionConfigurationPlatforms) = preSolution
		Debug|Any CPU = Debug|Any CPU
		Release|Any CPU = Release|Any CPU
	EndGlobalSection
	GlobalSection(ProjectConfigurationPlatforms) = postSolution
		{CF754A76-4244-4F0F-9B63-EF4FA4F730A8}.Debug|Any CPU.ActiveCfg = Debug|Any CPU
		{CF754A76-4244-4F0F-9B63-EF4FA4F730A8}.Debug|Any CPU.Build.0 = Debug|Any CPU
		{CF754A76-4244-4F0F-9B63-EF4FA4F730A8}.Release|Any CPU.ActiveCfg = Release|Any CPU
		{CF754A76-4244-4F0F-9B63-EF4FA4F730A8}.Release|Any CPU.Build.0 = Release|Any CPU
	EndGlobalSection
	GlobalSection(SolutionProperties) = preSolution
		HideSolutionNode = FALSE
	EndGlobalSection
	GlobalSection(ExtensibilityGlobals) = postSolution
		SolutionGuid = {7627E0F6-5063-4F1C-827B-65B29260A779}
	EndGlobalSection
EndGlobal
